
Microsoft Visual Studio Solution File, Format Version 12.00
# Visual Studio Version 17
VisualStudioVersion = 17.10.34916.146
MinimumVisualStudioVersion = 10.0.40219.1
Project("{9A19103F-16F7-4668-BE54-9A1E7A4F7556}") = "Domen", "Domen.csproj", "{632F247A-6314-4E8E-8DDD-82FE9391BD9E}"
EndProject
Project("{FAE04EC0-301F-11D3-BF4B-00C04F79EFBC}") = "Test", "Test\Test.csproj", "{6A9E4D1E-C04A-48AA-B3AF-F7377382D266}"
EndProject
Global
	GlobalSection(SolutionConfigurationPlatforms) = preSolution
		Debug|Any CPU = Debug|Any CPU
		Release|Any CPU = Release|Any CPU
	EndGlobalSection
	GlobalSection(ProjectConfigurationPlatforms) = postSolution
		{632F247A-6314-4E8E-8DDD-82FE9391BD9E}.Debug|Any CPU.ActiveCfg = Debug|Any CPU
		{632F247A-6314-4E8E-8DDD-82FE9391BD9E}.Debug|Any CPU.Build.0 = Debug|Any CPU
		{632F247A-6314-4E8E-8DDD-82FE9391BD9E}.Release|Any CPU.ActiveCfg = Release|Any CPU
		{632F247A-6314-4E8E-8DDD-82FE9391BD9E}.Release|Any CPU.Build.0 = Release|Any CPU
		{6A9E4D1E-C04A-48AA-B3AF-F7377382D266}.Debug|Any CPU.ActiveCfg = Debug|Any CPU
		{6A9E4D1E-C04A-48AA-B3AF-F7377382D266}.Debug|Any CPU.Build.0 = Debug|Any CPU
		{6A9E4D1E-C04A-48AA-B3AF-F7377382D266}.Release|Any CPU.ActiveCfg = Release|Any CPU
		{6A9E4D1E-C04A-48AA-B3AF-F7377382D266}.Release|Any CPU.Build.0 = Release|Any CPU
	EndGlobalSection
	GlobalSection(SolutionProperties) = preSolution
		HideSolutionNode = FALSE
	EndGlobalSection
	GlobalSection(ExtensibilityGlobals) = postSolution
		SolutionGuid = {495A70CC-3B2B-498E-B834-BAFC41AC780B}
	EndGlobalSection
EndGlobal
